{
  "name": "@open-sauced/app",
  "version": "2.64.0-beta.1",
  "lockfileVersion": 3,
  "requires": true,
  "packages": {
    "": {
      "name": "@open-sauced/app",
      "version": "2.64.0-beta.1",
      "license": "Apache 2.0",
      "engines": {
        "node": "^18.17.0 || >=20.5.0",
        "npm": ">= 9.6.0"
      }
    }
  }
}
